// !$*UTF8*$!
{
	archiveVersion = 1;
	classes = {
	};
	objectVersion = 51;
	objects = {

/* Begin PBXBuildFile section */
		624AB561ED6771F5E0B948A3 /* Pods_EnrollmentApp_EnrollmentAppUITests.framework in Frameworks */ = {isa = PBXBuildFile; fileRef = 7E6911BFD27E2D3F29AB7542 /* Pods_EnrollmentApp_EnrollmentAppUITests.framework */; };
		834E7A5925447019000D6256 /* AppDelegate.swift in Sources */ = {isa = PBXBuildFile; fileRef = 834E7A5825447019000D6256 /* AppDelegate.swift */; };
		834E7A5B25447019000D6256 /* SceneDelegate.swift in Sources */ = {isa = PBXBuildFile; fileRef = 834E7A5A25447019000D6256 /* SceneDelegate.swift */; };
		834E7A5D25447019000D6256 /* ViewController.swift in Sources */ = {isa = PBXBuildFile; fileRef = 834E7A5C25447019000D6256 /* ViewController.swift */; };
		834E7A6025447019000D6256 /* Main.storyboard in Resources */ = {isa = PBXBuildFile; fileRef = 834E7A5E25447019000D6256 /* Main.storyboard */; };
		834E7A622544701F000D6256 /* Assets.xcassets in Resources */ = {isa = PBXBuildFile; fileRef = 834E7A612544701F000D6256 /* Assets.xcassets */; };
		834E7A652544701F000D6256 /* LaunchScreen.storyboard in Resources */ = {isa = PBXBuildFile; fileRef = 834E7A632544701F000D6256 /* LaunchScreen.storyboard */; };
		834E7A702544701F000D6256 /* EnrollmentAppTests.swift in Sources */ = {isa = PBXBuildFile; fileRef = 834E7A6F2544701F000D6256 /* EnrollmentAppTests.swift */; };
		834E7A7B2544701F000D6256 /* EnrollmentAppUITests.swift in Sources */ = {isa = PBXBuildFile; fileRef = 834E7A7A2544701F000D6256 /* EnrollmentAppUITests.swift */; };
		834E7A94254529DE000D6256 /* ProfileCell.xib in Resources */ = {isa = PBXBuildFile; fileRef = 834E7A93254529DE000D6256 /* ProfileCell.xib */; };
		834E7A9925453137000D6256 /* FormPage.xib in Resources */ = {isa = PBXBuildFile; fileRef = 834E7A9825453137000D6256 /* FormPage.xib */; };
		834E7AA3254563AC000D6256 /* ViewerCell.swift in Sources */ = {isa = PBXBuildFile; fileRef = 834E7AA2254563AC000D6256 /* ViewerCell.swift */; };
		834E7AA825457B3C000D6256 /* SegmentControlView.swift in Sources */ = {isa = PBXBuildFile; fileRef = 834E7AA725457B3C000D6256 /* SegmentControlView.swift */; };
		834E7AC02545EF13000D6256 /* ProfileCell.swift in Sources */ = {isa = PBXBuildFile; fileRef = 834E7ABF2545EF12000D6256 /* ProfileCell.swift */; };
		834E7AC82545F685000D6256 /* FormPage.swift in Sources */ = {isa = PBXBuildFile; fileRef = 834E7AC72545F685000D6256 /* FormPage.swift */; };
		834E7ACD2546555D000D6256 /* ProfileDataSource.swift in Sources */ = {isa = PBXBuildFile; fileRef = 834E7ACC2546555B000D6256 /* ProfileDataSource.swift */; };
		836896B82547DF350067E410 /* ImageCacheing.swift in Sources */ = {isa = PBXBuildFile; fileRef = 836896B72547DF350067E410 /* ImageCacheing.swift */; };
		8380D12D254679C7004E98A7 /* GoogleService-Info.plist in Resources */ = {isa = PBXBuildFile; fileRef = 8380D12C254679C7004E98A7 /* GoogleService-Info.plist */; };
		8380D13225467B49004E98A7 /* UserModel.swift in Sources */ = {isa = PBXBuildFile; fileRef = 8380D13125467B49004E98A7 /* UserModel.swift */; };
		8380D13725468DF4004E98A7 /* ErroMessage.swift in Sources */ = {isa = PBXBuildFile; fileRef = 8380D13625468DF4004E98A7 /* ErroMessage.swift */; };
		8380D13D25468E78004E98A7 /* Anchor.swift in Sources */ = {isa = PBXBuildFile; fileRef = 8380D13C25468E77004E98A7 /* Anchor.swift */; };
		83A56A5F2547C414006B1E92 /* SegmentCell.swift in Sources */ = {isa = PBXBuildFile; fileRef = 83A56A5E2547C414006B1E92 /* SegmentCell.swift */; };
		89EC05E64ED65FB89E73B7AA /* Pods_EnrollmentAppTests.framework in Frameworks */ = {isa = PBXBuildFile; fileRef = D8BCC6AEDD339F0B9A89D41A /* Pods_EnrollmentAppTests.framework */; };
		94A912EBEAC2038A0EA30F94 /* Pods_EnrollmentApp.framework in Frameworks */ = {isa = PBXBuildFile; fileRef = B190F4DB4F6A821B7E30BFFC /* Pods_EnrollmentApp.framework */; };
/* End PBXBuildFile section */

/* Begin PBXContainerItemProxy section */
		834E7A6C2544701F000D6256 /* PBXContainerItemProxy */ = {
			isa = PBXContainerItemProxy;
			containerPortal = 834E7A4D25447019000D6256 /* Project object */;
			proxyType = 1;
			remoteGlobalIDString = 834E7A5425447019000D6256;
			remoteInfo = EnrollmentApp;
		};
		834E7A772544701F000D6256 /* PBXContainerItemProxy */ = {
			isa = PBXContainerItemProxy;
			containerPortal = 834E7A4D25447019000D6256 /* Project object */;
			proxyType = 1;
			remoteGlobalIDString = 834E7A5425447019000D6256;
			remoteInfo = EnrollmentApp;
		};
/* End PBXContainerItemProxy section */

/* Begin PBXFileReference section */
		3258E76BA81C6D6D11D87921 /* Pods-EnrollmentApp.release.xcconfig */ = {isa = PBXFileReference; includeInIndex = 1; lastKnownFileType = text.xcconfig; name = "Pods-EnrollmentApp.release.xcconfig"; path = "Target Support Files/Pods-EnrollmentApp/Pods-EnrollmentApp.release.xcconfig"; sourceTree = "<group>"; };
		4B7EFB337D13CEF8373C1F9C /* Pods-EnrollmentApp-EnrollmentAppUITests.release.xcconfig */ = {isa = PBXFileReference; includeInIndex = 1; lastKnownFileType = text.xcconfig; name = "Pods-EnrollmentApp-EnrollmentAppUITests.release.xcconfig"; path = "Target Support Files/Pods-EnrollmentApp-EnrollmentAppUITests/Pods-EnrollmentApp-EnrollmentAppUITests.release.xcconfig"; sourceTree = "<group>"; };
		5F95F7CC64DF892978AC8B0F /* Pods-EnrollmentApp.debug.xcconfig */ = {isa = PBXFileReference; includeInIndex = 1; lastKnownFileType = text.xcconfig; name = "Pods-EnrollmentApp.debug.xcconfig"; path = "Target Support Files/Pods-EnrollmentApp/Pods-EnrollmentApp.debug.xcconfig"; sourceTree = "<group>"; };
		7E6911BFD27E2D3F29AB7542 /* Pods_EnrollmentApp_EnrollmentAppUITests.framework */ = {isa = PBXFileReference; explicitFileType = wrapper.framework; includeInIndex = 0; path = Pods_EnrollmentApp_EnrollmentAppUITests.framework; sourceTree = BUILT_PRODUCTS_DIR; };
		7F64D6852338D0100F4E863F /* Pods-EnrollmentAppTests.debug.xcconfig */ = {isa = PBXFileReference; includeInIndex = 1; lastKnownFileType = text.xcconfig; name = "Pods-EnrollmentAppTests.debug.xcconfig"; path = "Target Support Files/Pods-EnrollmentAppTests/Pods-EnrollmentAppTests.debug.xcconfig"; sourceTree = "<group>"; };
		834E7A5525447019000D6256 /* EnrollmentApp.app */ = {isa = PBXFileReference; explicitFileType = wrapper.application; includeInIndex = 0; path = EnrollmentApp.app; sourceTree = BUILT_PRODUCTS_DIR; };
		834E7A5825447019000D6256 /* AppDelegate.swift */ = {isa = PBXFileReference; lastKnownFileType = sourcecode.swift; path = AppDelegate.swift; sourceTree = "<group>"; };
		834E7A5A25447019000D6256 /* SceneDelegate.swift */ = {isa = PBXFileReference; lastKnownFileType = sourcecode.swift; path = SceneDelegate.swift; sourceTree = "<group>"; };
		834E7A5C25447019000D6256 /* ViewController.swift */ = {isa = PBXFileReference; lastKnownFileType = sourcecode.swift; path = ViewController.swift; sourceTree = "<group>"; };
		834E7A5F25447019000D6256 /* Base */ = {isa = PBXFileReference; lastKnownFileType = file.storyboard; name = Base; path = Base.lproj/Main.storyboard; sourceTree = "<group>"; };
		834E7A612544701F000D6256 /* Assets.xcassets */ = {isa = PBXFileReference; lastKnownFileType = folder.assetcatalog; path = Assets.xcassets; sourceTree = "<group>"; };
		834E7A642544701F000D6256 /* Base */ = {isa = PBXFileReference; lastKnownFileType = file.storyboard; name = Base; path = Base.lproj/LaunchScreen.storyboard; sourceTree = "<group>"; };
		834E7A662544701F000D6256 /* Info.plist */ = {isa = PBXFileReference; lastKnownFileType = text.plist.xml; path = Info.plist; sourceTree = "<group>"; };
		834E7A6B2544701F000D6256 /* EnrollmentAppTests.xctest */ = {isa = PBXFileReference; explicitFileType = wrapper.cfbundle; includeInIndex = 0; path = EnrollmentAppTests.xctest; sourceTree = BUILT_PRODUCTS_DIR; };
		834E7A6F2544701F000D6256 /* EnrollmentAppTests.swift */ = {isa = PBXFileReference; lastKnownFileType = sourcecode.swift; path = EnrollmentAppTests.swift; sourceTree = "<group>"; };
		834E7A712544701F000D6256 /* Info.plist */ = {isa = PBXFileReference; lastKnownFileType = text.plist.xml; path = Info.plist; sourceTree = "<group>"; };
		834E7A762544701F000D6256 /* EnrollmentAppUITests.xctest */ = {isa = PBXFileReference; explicitFileType = wrapper.cfbundle; includeInIndex = 0; path = EnrollmentAppUITests.xctest; sourceTree = BUILT_PRODUCTS_DIR; };
		834E7A7A2544701F000D6256 /* EnrollmentAppUITests.swift */ = {isa = PBXFileReference; lastKnownFileType = sourcecode.swift; path = EnrollmentAppUITests.swift; sourceTree = "<group>"; };
		834E7A7C2544701F000D6256 /* Info.plist */ = {isa = PBXFileReference; lastKnownFileType = text.plist.xml; path = Info.plist; sourceTree = "<group>"; };
		834E7A93254529DE000D6256 /* ProfileCell.xib */ = {isa = PBXFileReference; lastKnownFileType = file.xib; path = ProfileCell.xib; sourceTree = "<group>"; };
		834E7A9825453137000D6256 /* FormPage.xib */ = {isa = PBXFileReference; lastKnownFileType = file.xib; path = FormPage.xib; sourceTree = "<group>"; };
		834E7AA2254563AC000D6256 /* ViewerCell.swift */ = {isa = PBXFileReference; lastKnownFileType = sourcecode.swift; path = ViewerCell.swift; sourceTree = "<group>"; };
		834E7AA725457B3C000D6256 /* SegmentControlView.swift */ = {isa = PBXFileReference; lastKnownFileType = sourcecode.swift; path = SegmentControlView.swift; sourceTree = "<group>"; };
		834E7ABF2545EF12000D6256 /* ProfileCell.swift */ = {isa = PBXFileReference; lastKnownFileType = sourcecode.swift; path = ProfileCell.swift; sourceTree = "<group>"; };
		834E7AC72545F685000D6256 /* FormPage.swift */ = {isa = PBXFileReference; lastKnownFileType = sourcecode.swift; path = FormPage.swift; sourceTree = "<group>"; };
		834E7ACC2546555B000D6256 /* ProfileDataSource.swift */ = {isa = PBXFileReference; lastKnownFileType = sourcecode.swift; path = ProfileDataSource.swift; sourceTree = "<group>"; };
		836896B72547DF350067E410 /* ImageCacheing.swift */ = {isa = PBXFileReference; lastKnownFileType = sourcecode.swift; path = ImageCacheing.swift; sourceTree = "<group>"; };
		8380D12C254679C7004E98A7 /* GoogleService-Info.plist */ = {isa = PBXFileReference; fileEncoding = 4; lastKnownFileType = text.plist.xml; path = "GoogleService-Info.plist"; sourceTree = "<group>"; };
		8380D13125467B49004E98A7 /* UserModel.swift */ = {isa = PBXFileReference; lastKnownFileType = sourcecode.swift; path = UserModel.swift; sourceTree = "<group>"; };
		8380D13625468DF4004E98A7 /* ErroMessage.swift */ = {isa = PBXFileReference; lastKnownFileType = sourcecode.swift; path = ErroMessage.swift; sourceTree = "<group>"; };
		8380D13C25468E77004E98A7 /* Anchor.swift */ = {isa = PBXFileReference; lastKnownFileType = sourcecode.swift; path = Anchor.swift; sourceTree = "<group>"; };
		83A56A5E2547C414006B1E92 /* SegmentCell.swift */ = {isa = PBXFileReference; lastKnownFileType = sourcecode.swift; path = SegmentCell.swift; sourceTree = "<group>"; };
		B190F4DB4F6A821B7E30BFFC /* Pods_EnrollmentApp.framework */ = {isa = PBXFileReference; explicitFileType = wrapper.framework; includeInIndex = 0; path = Pods_EnrollmentApp.framework; sourceTree = BUILT_PRODUCTS_DIR; };
		BF904D873D4AF56A0FEA82ED /* Pods-EnrollmentApp-EnrollmentAppUITests.debug.xcconfig */ = {isa = PBXFileReference; includeInIndex = 1; lastKnownFileType = text.xcconfig; name = "Pods-EnrollmentApp-EnrollmentAppUITests.debug.xcconfig"; path = "Target Support Files/Pods-EnrollmentApp-EnrollmentAppUITests/Pods-EnrollmentApp-EnrollmentAppUITests.debug.xcconfig"; sourceTree = "<group>"; };
		D8BCC6AEDD339F0B9A89D41A /* Pods_EnrollmentAppTests.framework */ = {isa = PBXFileReference; explicitFileType = wrapper.framework; includeInIndex = 0; path = Pods_EnrollmentAppTests.framework; sourceTree = BUILT_PRODUCTS_DIR; };
		FC1B7A13792063105C8BA489 /* Pods-EnrollmentAppTests.release.xcconfig */ = {isa = PBXFileReference; includeInIndex = 1; lastKnownFileType = text.xcconfig; name = "Pods-EnrollmentAppTests.release.xcconfig"; path = "Target Support Files/Pods-EnrollmentAppTests/Pods-EnrollmentAppTests.release.xcconfig"; sourceTree = "<group>"; };
/* End PBXFileReference section */

/* Begin PBXFrameworksBuildPhase section */
		834E7A5225447019000D6256 /* Frameworks */ = {
			isa = PBXFrameworksBuildPhase;
			buildActionMask = 2147483647;
			files = (
				94A912EBEAC2038A0EA30F94 /* Pods_EnrollmentApp.framework in Frameworks */,
			);
			runOnlyForDeploymentPostprocessing = 0;
		};
		834E7A682544701F000D6256 /* Frameworks */ = {
			isa = PBXFrameworksBuildPhase;
			buildActionMask = 2147483647;
			files = (
				89EC05E64ED65FB89E73B7AA /* Pods_EnrollmentAppTests.framework in Frameworks */,
			);
			runOnlyForDeploymentPostprocessing = 0;
		};
		834E7A732544701F000D6256 /* Frameworks */ = {
			isa = PBXFrameworksBuildPhase;
			buildActionMask = 2147483647;
			files = (
				624AB561ED6771F5E0B948A3 /* Pods_EnrollmentApp_EnrollmentAppUITests.framework in Frameworks */,
			);
			runOnlyForDeploymentPostprocessing = 0;
		};
/* End PBXFrameworksBuildPhase section */

/* Begin PBXGroup section */
		095A98E02031953CC8032BD8 /* Frameworks */ = {
			isa = PBXGroup;
			children = (
				B190F4DB4F6A821B7E30BFFC /* Pods_EnrollmentApp.framework */,
				7E6911BFD27E2D3F29AB7542 /* Pods_EnrollmentApp_EnrollmentAppUITests.framework */,
				D8BCC6AEDD339F0B9A89D41A /* Pods_EnrollmentAppTests.framework */,
			);
			name = Frameworks;
			sourceTree = "<group>";
		};
		834E7A4C25447019000D6256 = {
			isa = PBXGroup;
			children = (
				834E7A5725447019000D6256 /* EnrollmentApp */,
				834E7A6E2544701F000D6256 /* EnrollmentAppTests */,
				834E7A792544701F000D6256 /* EnrollmentAppUITests */,
				834E7A5625447019000D6256 /* Products */,
				8A202A8D6FC36EFE7A2AB048 /* Pods */,
				095A98E02031953CC8032BD8 /* Frameworks */,
			);
			sourceTree = "<group>";
		};
		834E7A5625447019000D6256 /* Products */ = {
			isa = PBXGroup;
			children = (
				834E7A5525447019000D6256 /* EnrollmentApp.app */,
				834E7A6B2544701F000D6256 /* EnrollmentAppTests.xctest */,
				834E7A762544701F000D6256 /* EnrollmentAppUITests.xctest */,
			);
			name = Products;
			sourceTree = "<group>";
		};
		834E7A5725447019000D6256 /* EnrollmentApp */ = {
			isa = PBXGroup;
			children = (
				83C3E7792547C6C300D5A938 /* Model */,
				83C3E7782547C6A200D5A938 /* UI */,
				8380D13B25468E26004E98A7 /* helper */,
				8380D12C254679C7004E98A7 /* GoogleService-Info.plist */,
				834E7A5825447019000D6256 /* AppDelegate.swift */,
				834E7A5A25447019000D6256 /* SceneDelegate.swift */,
				834E7A5C25447019000D6256 /* ViewController.swift */,
				834E7AA2254563AC000D6256 /* ViewerCell.swift */,
				834E7A5E25447019000D6256 /* Main.storyboard */,
				834E7A612544701F000D6256 /* Assets.xcassets */,
				834E7A632544701F000D6256 /* LaunchScreen.storyboard */,
				834E7A662544701F000D6256 /* Info.plist */,
			);
			path = EnrollmentApp;
			sourceTree = "<group>";
		};
		834E7A6E2544701F000D6256 /* EnrollmentAppTests */ = {
			isa = PBXGroup;
			children = (
				834E7A6F2544701F000D6256 /* EnrollmentAppTests.swift */,
				834E7A712544701F000D6256 /* Info.plist */,
			);
			path = EnrollmentAppTests;
			sourceTree = "<group>";
		};
		834E7A792544701F000D6256 /* EnrollmentAppUITests */ = {
			isa = PBXGroup;
			children = (
				834E7A7A2544701F000D6256 /* EnrollmentAppUITests.swift */,
				834E7A7C2544701F000D6256 /* Info.plist */,
			);
			path = EnrollmentAppUITests;
			sourceTree = "<group>";
		};
		8380D13B25468E26004E98A7 /* helper */ = {
			isa = PBXGroup;
			children = (
				8380D13625468DF4004E98A7 /* ErroMessage.swift */,
				8380D13C25468E77004E98A7 /* Anchor.swift */,
				836896B72547DF350067E410 /* ImageCacheing.swift */,
			);
			path = helper;
			sourceTree = "<group>";
		};
		83A56A632547C421006B1E92 /* SegmentControll */ = {
			isa = PBXGroup;
			children = (
				83A56A5E2547C414006B1E92 /* SegmentCell.swift */,
				834E7AA725457B3C000D6256 /* SegmentControlView.swift */,
			);
			path = SegmentControll;
			sourceTree = "<group>";
		};
		83C3E7782547C6A200D5A938 /* UI */ = {
			isa = PBXGroup;
			children = (
				834E7ACC2546555B000D6256 /* ProfileDataSource.swift */,
				834E7A93254529DE000D6256 /* ProfileCell.xib */,
				834E7ABF2545EF12000D6256 /* ProfileCell.swift */,
				834E7A9825453137000D6256 /* FormPage.xib */,
				834E7AC72545F685000D6256 /* FormPage.swift */,
				83A56A632547C421006B1E92 /* SegmentControll */,
			);
			path = UI;
			sourceTree = "<group>";
		};
		83C3E7792547C6C300D5A938 /* Model */ = {
			isa = PBXGroup;
			children = (
				8380D13125467B49004E98A7 /* UserModel.swift */,
			);
			path = Model;
			sourceTree = "<group>";
		};
		8A202A8D6FC36EFE7A2AB048 /* Pods */ = {
			isa = PBXGroup;
			children = (
				5F95F7CC64DF892978AC8B0F /* Pods-EnrollmentApp.debug.xcconfig */,
				3258E76BA81C6D6D11D87921 /* Pods-EnrollmentApp.release.xcconfig */,
				BF904D873D4AF56A0FEA82ED /* Pods-EnrollmentApp-EnrollmentAppUITests.debug.xcconfig */,
				4B7EFB337D13CEF8373C1F9C /* Pods-EnrollmentApp-EnrollmentAppUITests.release.xcconfig */,
				7F64D6852338D0100F4E863F /* Pods-EnrollmentAppTests.debug.xcconfig */,
				FC1B7A13792063105C8BA489 /* Pods-EnrollmentAppTests.release.xcconfig */,
			);
			path = Pods;
			sourceTree = "<group>";
		};
/* End PBXGroup section */

/* Begin PBXNativeTarget section */
		834E7A5425447019000D6256 /* EnrollmentApp */ = {
			isa = PBXNativeTarget;
			buildConfigurationList = 834E7A7F2544701F000D6256 /* Build configuration list for PBXNativeTarget "EnrollmentApp" */;
			buildPhases = (
				8B6C47047C93F66B8AB9161E /* [CP] Check Pods Manifest.lock */,
				834E7A5125447019000D6256 /* Sources */,
				834E7A5225447019000D6256 /* Frameworks */,
				834E7A5325447019000D6256 /* Resources */,
				A17E9C7425F7170BDFE631DD /* [CP] Embed Pods Frameworks */,
			);
			buildRules = (
			);
			dependencies = (
			);
			name = EnrollmentApp;
			productName = EnrollmentApp;
			productReference = 834E7A5525447019000D6256 /* EnrollmentApp.app */;
			productType = "com.apple.product-type.application";
		};
		834E7A6A2544701F000D6256 /* EnrollmentAppTests */ = {
			isa = PBXNativeTarget;
			buildConfigurationList = 834E7A822544701F000D6256 /* Build configuration list for PBXNativeTarget "EnrollmentAppTests" */;
			buildPhases = (
				23B75775D51E2B5FE84028AC /* [CP] Check Pods Manifest.lock */,
				834E7A672544701F000D6256 /* Sources */,
				834E7A682544701F000D6256 /* Frameworks */,
				834E7A692544701F000D6256 /* Resources */,
			);
			buildRules = (
			);
			dependencies = (
				834E7A6D2544701F000D6256 /* PBXTargetDependency */,
			);
			name = EnrollmentAppTests;
			productName = EnrollmentAppTests;
			productReference = 834E7A6B2544701F000D6256 /* EnrollmentAppTests.xctest */;
			productType = "com.apple.product-type.bundle.unit-test";
		};
		834E7A752544701F000D6256 /* EnrollmentAppUITests */ = {
			isa = PBXNativeTarget;
			buildConfigurationList = 834E7A852544701F000D6256 /* Build configuration list for PBXNativeTarget "EnrollmentAppUITests" */;
			buildPhases = (
				B06F8740C12BD5BDD67425B1 /* [CP] Check Pods Manifest.lock */,
				834E7A722544701F000D6256 /* Sources */,
				834E7A732544701F000D6256 /* Frameworks */,
				834E7A742544701F000D6256 /* Resources */,
				7CAEA1AA8F98810AE341CE58 /* [CP] Embed Pods Frameworks */,
			);
			buildRules = (
			);
			dependencies = (
				834E7A782544701F000D6256 /* PBXTargetDependency */,
			);
			name = EnrollmentAppUITests;
			productName = EnrollmentAppUITests;
			productReference = 834E7A762544701F000D6256 /* EnrollmentAppUITests.xctest */;
			productType = "com.apple.product-type.bundle.ui-testing";
		};
/* End PBXNativeTarget section */

/* Begin PBXProject section */
		834E7A4D25447019000D6256 /* Project object */ = {
			isa = PBXProject;
			attributes = {
				LastSwiftUpdateCheck = 1210;
				LastUpgradeCheck = 1210;
				TargetAttributes = {
					834E7A5425447019000D6256 = {
						CreatedOnToolsVersion = 12.1;
					};
					834E7A6A2544701F000D6256 = {
						CreatedOnToolsVersion = 12.1;
						TestTargetID = 834E7A5425447019000D6256;
					};
					834E7A752544701F000D6256 = {
						CreatedOnToolsVersion = 12.1;
						TestTargetID = 834E7A5425447019000D6256;
					};
				};
			};
			buildConfigurationList = 834E7A5025447019000D6256 /* Build configuration list for PBXProject "EnrollmentApp" */;
			compatibilityVersion = "Xcode 9.3";
			developmentRegion = en;
			hasScannedForEncodings = 0;
			knownRegions = (
				en,
				Base,
			);
			mainGroup = 834E7A4C25447019000D6256;
			productRefGroup = 834E7A5625447019000D6256 /* Products */;
			projectDirPath = "";
			projectRoot = "";
			targets = (
				834E7A5425447019000D6256 /* EnrollmentApp */,
				834E7A6A2544701F000D6256 /* EnrollmentAppTests */,
				834E7A752544701F000D6256 /* EnrollmentAppUITests */,
			);
		};
/* End PBXProject section */

/* Begin PBXResourcesBuildPhase section */
		834E7A5325447019000D6256 /* Resources */ = {
			isa = PBXResourcesBuildPhase;
			buildActionMask = 2147483647;
			files = (
				834E7A9925453137000D6256 /* FormPage.xib in Resources */,
				834E7A652544701F000D6256 /* LaunchScreen.storyboard in Resources */,
				834E7A94254529DE000D6256 /* ProfileCell.xib in Resources */,
				834E7A622544701F000D6256 /* Assets.xcassets in Resources */,
				834E7A6025447019000D6256 /* Main.storyboard in Resources */,
				8380D12D254679C7004E98A7 /* GoogleService-Info.plist in Resources */,
			);
			runOnlyForDeploymentPostprocessing = 0;
		};
		834E7A692544701F000D6256 /* Resources */ = {
			isa = PBXResourcesBuildPhase;
			buildActionMask = 2147483647;
			files = (
			);
			runOnlyForDeploymentPostprocessing = 0;
		};
		834E7A742544701F000D6256 /* Resources */ = {
			isa = PBXResourcesBuildPhase;
			buildActionMask = 2147483647;
			files = (
			);
			runOnlyForDeploymentPostprocessing = 0;
		};
/* End PBXResourcesBuildPhase section */

/* Begin PBXShellScriptBuildPhase section */
		23B75775D51E2B5FE84028AC /* [CP] Check Pods Manifest.lock */ = {
			isa = PBXShellScriptBuildPhase;
			buildActionMask = 2147483647;
			files = (
			);
			inputFileListPaths = (
			);
			inputPaths = (
				"${PODS_PODFILE_DIR_PATH}/Podfile.lock",
				"${PODS_ROOT}/Manifest.lock",
			);
			name = "[CP] Check Pods Manifest.lock";
			outputFileListPaths = (
			);
			outputPaths = (
				"$(DERIVED_FILE_DIR)/Pods-EnrollmentAppTests-checkManifestLockResult.txt",
			);
			runOnlyForDeploymentPostprocessing = 0;
			shellPath = /bin/sh;
			shellScript = "diff \"${PODS_PODFILE_DIR_PATH}/Podfile.lock\" \"${PODS_ROOT}/Manifest.lock\" > /dev/null\nif [ $? != 0 ] ; then\n    # print error to STDERR\n    echo \"error: The sandbox is not in sync with the Podfile.lock. Run 'pod install' or update your CocoaPods installation.\" >&2\n    exit 1\nfi\n# This output is used by Xcode 'outputs' to avoid re-running this script phase.\necho \"SUCCESS\" > \"${SCRIPT_OUTPUT_FILE_0}\"\n";
			showEnvVarsInLog = 0;
		};
		7CAEA1AA8F98810AE341CE58 /* [CP] Embed Pods Frameworks */ = {
			isa = PBXShellScriptBuildPhase;
			buildActionMask = 2147483647;
			files = (
			);
			inputFileListPaths = (
				"${PODS_ROOT}/Target Support Files/Pods-EnrollmentApp-EnrollmentAppUITests/Pods-EnrollmentApp-EnrollmentAppUITests-frameworks-${CONFIGURATION}-input-files.xcfilelist",
			);
			name = "[CP] Embed Pods Frameworks";
			outputFileListPaths = (
				"${PODS_ROOT}/Target Support Files/Pods-EnrollmentApp-EnrollmentAppUITests/Pods-EnrollmentApp-EnrollmentAppUITests-frameworks-${CONFIGURATION}-output-files.xcfilelist",
			);
			runOnlyForDeploymentPostprocessing = 0;
			shellPath = /bin/sh;
			shellScript = "\"${PODS_ROOT}/Target Support Files/Pods-EnrollmentApp-EnrollmentAppUITests/Pods-EnrollmentApp-EnrollmentAppUITests-frameworks.sh\"\n";
			showEnvVarsInLog = 0;
		};
		8B6C47047C93F66B8AB9161E /* [CP] Check Pods Manifest.lock */ = {
			isa = PBXShellScriptBuildPhase;
			buildActionMask = 2147483647;
			files = (
			);
			inputFileListPaths = (
			);
			inputPaths = (
				"${PODS_PODFILE_DIR_PATH}/Podfile.lock",
				"${PODS_ROOT}/Manifest.lock",
			);
			name = "[CP] Check Pods Manifest.lock";
			outputFileListPaths = (
			);
			outputPaths = (
				"$(DERIVED_FILE_DIR)/Pods-EnrollmentApp-checkManifestLockResult.txt",
			);
			runOnlyForDeploymentPostprocessing = 0;
			shellPath = /bin/sh;
			shellScript = "diff \"${PODS_PODFILE_DIR_PATH}/Podfile.lock\" \"${PODS_ROOT}/Manifest.lock\" > /dev/null\nif [ $? != 0 ] ; then\n    # print error to STDERR\n    echo \"error: The sandbox is not in sync with the Podfile.lock. Run 'pod install' or update your CocoaPods installation.\" >&2\n    exit 1\nfi\n# This output is used by Xcode 'outputs' to avoid re-running this script phase.\necho \"SUCCESS\" > \"${SCRIPT_OUTPUT_FILE_0}\"\n";
			showEnvVarsInLog = 0;
		};
		A17E9C7425F7170BDFE631DD /* [CP] Embed Pods Frameworks */ = {
			isa = PBXShellScriptBuildPhase;
			buildActionMask = 2147483647;
			files = (
			);
			inputFileListPaths = (
				"${PODS_ROOT}/Target Support Files/Pods-EnrollmentApp/Pods-EnrollmentApp-frameworks-${CONFIGURATION}-input-files.xcfilelist",
			);
			name = "[CP] Embed Pods Frameworks";
			outputFileListPaths = (
				"${PODS_ROOT}/Target Support Files/Pods-EnrollmentApp/Pods-EnrollmentApp-frameworks-${CONFIGURATION}-output-files.xcfilelist",
			);
			runOnlyForDeploymentPostprocessing = 0;
			shellPath = /bin/sh;
			shellScript = "\"${PODS_ROOT}/Target Support Files/Pods-EnrollmentApp/Pods-EnrollmentApp-frameworks.sh\"\n";
			showEnvVarsInLog = 0;
		};
		B06F8740C12BD5BDD67425B1 /* [CP] Check Pods Manifest.lock */ = {
			isa = PBXShellScriptBuildPhase;
			buildActionMask = 2147483647;
			files = (
			);
			inputFileListPaths = (
			);
			inputPaths = (
				"${PODS_PODFILE_DIR_PATH}/Podfile.lock",
				"${PODS_ROOT}/Manifest.lock",
			);
			name = "[CP] Check Pods Manifest.lock";
			outputFileListPaths = (
			);
			outputPaths = (
				"$(DERIVED_FILE_DIR)/Pods-EnrollmentApp-EnrollmentAppUITests-checkManifestLockResult.txt",
			);
			runOnlyForDeploymentPostprocessing = 0;
			shellPath = /bin/sh;
			shellScript = "diff \"${PODS_PODFILE_DIR_PATH}/Podfile.lock\" \"${PODS_ROOT}/Manifest.lock\" > /dev/null\nif [ $? != 0 ] ; then\n    # print error to STDERR\n    echo \"error: The sandbox is not in sync with the Podfile.lock. Run 'pod install' or update your CocoaPods installation.\" >&2\n    exit 1\nfi\n# This output is used by Xcode 'outputs' to avoid re-running this script phase.\necho \"SUCCESS\" > \"${SCRIPT_OUTPUT_FILE_0}\"\n";
			showEnvVarsInLog = 0;
		};
/* End PBXShellScriptBuildPhase section */

/* Begin PBXSourcesBuildPhase section */
		834E7A5125447019000D6256 /* Sources */ = {
			isa = PBXSourcesBuildPhase;
			buildActionMask = 2147483647;
			files = (
				834E7A5D25447019000D6256 /* ViewController.swift in Sources */,
				834E7ACD2546555D000D6256 /* ProfileDataSource.swift in Sources */,
				834E7A5925447019000D6256 /* AppDelegate.swift in Sources */,
				83A56A5F2547C414006B1E92 /* SegmentCell.swift in Sources */,
				834E7AC82545F685000D6256 /* FormPage.swift in Sources */,
				834E7AA825457B3C000D6256 /* SegmentControlView.swift in Sources */,
				834E7AA3254563AC000D6256 /* ViewerCell.swift in Sources */,
				834E7A5B25447019000D6256 /* SceneDelegate.swift in Sources */,
				8380D13725468DF4004E98A7 /* ErroMessage.swift in Sources */,
				836896B82547DF350067E410 /* ImageCacheing.swift in Sources */,
				8380D13225467B49004E98A7 /* UserModel.swift in Sources */,
				834E7AC02545EF13000D6256 /* ProfileCell.swift in Sources */,
				8380D13D25468E78004E98A7 /* Anchor.swift in Sources */,
			);
			runOnlyForDeploymentPostprocessing = 0;
		};
		834E7A672544701F000D6256 /* Sources */ = {
			isa = PBXSourcesBuildPhase;
			buildActionMask = 2147483647;
			files = (
				834E7A702544701F000D6256 /* EnrollmentAppTests.swift in Sources */,
			);
			runOnlyForDeploymentPostprocessing = 0;
		};
		834E7A722544701F000D6256 /* Sources */ = {
			isa = PBXSourcesBuildPhase;
			buildActionMask = 2147483647;
			files = (
				834E7A7B2544701F000D6256 /* EnrollmentAppUITests.swift in Sources */,
			);
			runOnlyForDeploymentPostprocessing = 0;
		};
/* End PBXSourcesBuildPhase section */

/* Begin PBXTargetDependency section */
		834E7A6D2544701F000D6256 /* PBXTargetDependency */ = {
			isa = PBXTargetDependency;
			target = 834E7A5425447019000D6256 /* EnrollmentApp */;
			targetProxy = 834E7A6C2544701F000D6256 /* PBXContainerItemProxy */;
		};
		834E7A782544701F000D6256 /* PBXTargetDependency */ = {
			isa = PBXTargetDependency;
			target = 834E7A5425447019000D6256 /* EnrollmentApp */;
			targetProxy = 834E7A772544701F000D6256 /* PBXContainerItemProxy */;
		};
/* End PBXTargetDependency section */

/* Begin PBXVariantGroup section */
		834E7A5E25447019000D6256 /* Main.storyboard */ = {
			isa = PBXVariantGroup;
			children = (
				834E7A5F25447019000D6256 /* Base */,
			);
			name = Main.storyboard;
			sourceTree = "<group>";
		};
		834E7A632544701F000D6256 /* LaunchScreen.storyboard */ = {
			isa = PBXVariantGroup;
			children = (
				834E7A642544701F000D6256 /* Base */,
			);
			name = LaunchScreen.storyboard;
			sourceTree = "<group>";
		};
/* End PBXVariantGroup section */

/* Begin XCBuildConfiguration section */
		834E7A7D2544701F000D6256 /* Debug */ = {
			isa = XCBuildConfiguration;
			buildSettings = {
				ALWAYS_SEARCH_USER_PATHS = NO;
				CLANG_ANALYZER_NONNULL = YES;
				CLANG_ANALYZER_NUMBER_OBJECT_CONVERSION = YES_AGGRESSIVE;
				CLANG_CXX_LANGUAGE_STANDARD = "gnu++14";
				CLANG_CXX_LIBRARY = "libc++";
				CLANG_ENABLE_MODULES = YES;
				CLANG_ENABLE_OBJC_ARC = YES;
				CLANG_ENABLE_OBJC_WEAK = YES;
				CLANG_WARN_BLOCK_CAPTURE_AUTORELEASING = YES;
				CLANG_WARN_BOOL_CONVERSION = YES;
				CLANG_WARN_COMMA = YES;
				CLANG_WARN_CONSTANT_CONVERSION = YES;
				CLANG_WARN_DEPRECATED_OBJC_IMPLEMENTATIONS = YES;
				CLANG_WARN_DIRECT_OBJC_ISA_USAGE = YES_ERROR;
				CLANG_WARN_DOCUMENTATION_COMMENTS = YES;
				CLANG_WARN_EMPTY_BODY = YES;
				CLANG_WARN_ENUM_CONVERSION = YES;
				CLANG_WARN_INFINITE_RECURSION = YES;
				CLANG_WARN_INT_CONVERSION = YES;
				CLANG_WARN_NON_LITERAL_NULL_CONVERSION = YES;
				CLANG_WARN_OBJC_IMPLICIT_RETAIN_SELF = YES;
				CLANG_WARN_OBJC_LITERAL_CONVERSION = YES;
				CLANG_WARN_OBJC_ROOT_CLASS = YES_ERROR;
				CLANG_WARN_QUOTED_INCLUDE_IN_FRAMEWORK_HEADER = YES;
				CLANG_WARN_RANGE_LOOP_ANALYSIS = YES;
				CLANG_WARN_STRICT_PROTOTYPES = YES;
				CLANG_WARN_SUSPICIOUS_MOVE = YES;
				CLANG_WARN_UNGUARDED_AVAILABILITY = YES_AGGRESSIVE;
				CLANG_WARN_UNREACHABLE_CODE = YES;
				CLANG_WARN__DUPLICATE_METHOD_MATCH = YES;
				COPY_PHASE_STRIP = NO;
				DEBUG_INFORMATION_FORMAT = dwarf;
				ENABLE_STRICT_OBJC_MSGSEND = YES;
				ENABLE_TESTABILITY = YES;
				GCC_C_LANGUAGE_STANDARD = gnu11;
				GCC_DYNAMIC_NO_PIC = NO;
				GCC_NO_COMMON_BLOCKS = YES;
				GCC_OPTIMIZATION_LEVEL = 0;
				GCC_PREPROCESSOR_DEFINITIONS = (
					"DEBUG=1",
					"$(inherited)",
				);
				GCC_WARN_64_TO_32_BIT_CONVERSION = YES;
				GCC_WARN_ABOUT_RETURN_TYPE = YES_ERROR;
				GCC_WARN_UNDECLARED_SELECTOR = YES;
				GCC_WARN_UNINITIALIZED_AUTOS = YES_AGGRESSIVE;
				GCC_WARN_UNUSED_FUNCTION = YES;
				GCC_WARN_UNUSED_VARIABLE = YES;
				IPHONEOS_DEPLOYMENT_TARGET = 14.1;
				MTL_ENABLE_DEBUG_INFO = INCLUDE_SOURCE;
				MTL_FAST_MATH = YES;
				ONLY_ACTIVE_ARCH = YES;
				SDKROOT = iphoneos;
				SWIFT_ACTIVE_COMPILATION_CONDITIONS = DEBUG;
				SWIFT_OPTIMIZATION_LEVEL = "-Onone";
			};
			name = Debug;
		};
		834E7A7E2544701F000D6256 /* Release */ = {
			isa = XCBuildConfiguration;
			buildSettings = {
				ALWAYS_SEARCH_USER_PATHS = NO;
				CLANG_ANALYZER_NONNULL = YES;
				CLANG_ANALYZER_NUMBER_OBJECT_CONVERSION = YES_AGGRESSIVE;
				CLANG_CXX_LANGUAGE_STANDARD = "gnu++14";
				CLANG_CXX_LIBRARY = "libc++";
				CLANG_ENABLE_MODULES = YES;
				CLANG_ENABLE_OBJC_ARC = YES;
				CLANG_ENABLE_OBJC_WEAK = YES;
				CLANG_WARN_BLOCK_CAPTURE_AUTORELEASING = YES;
				CLANG_WARN_BOOL_CONVERSION = YES;
				CLANG_WARN_COMMA = YES;
				CLANG_WARN_CONSTANT_CONVERSION = YES;
				CLANG_WARN_DEPRECATED_OBJC_IMPLEMENTATIONS = YES;
				CLANG_WARN_DIRECT_OBJC_ISA_USAGE = YES_ERROR;
				CLANG_WARN_DOCUMENTATION_COMMENTS = YES;
				CLANG_WARN_EMPTY_BODY = YES;
				CLANG_WARN_ENUM_CONVERSION = YES;
				CLANG_WARN_INFINITE_RECURSION = YES;
				CLANG_WARN_INT_CONVERSION = YES;
				CLANG_WARN_NON_LITERAL_NULL_CONVERSION = YES;
				CLANG_WARN_OBJC_IMPLICIT_RETAIN_SELF = YES;
				CLANG_WARN_OBJC_LITERAL_CONVERSION = YES;
				CLANG_WARN_OBJC_ROOT_CLASS = YES_ERROR;
				CLANG_WARN_QUOTED_INCLUDE_IN_FRAMEWORK_HEADER = YES;
				CLANG_WARN_RANGE_LOOP_ANALYSIS = YES;
				CLANG_WARN_STRICT_PROTOTYPES = YES;
				CLANG_WARN_SUSPICIOUS_MOVE = YES;
				CLANG_WARN_UNGUARDED_AVAILABILITY = YES_AGGRESSIVE;
				CLANG_WARN_UNREACHABLE_CODE = YES;
				CLANG_WARN__DUPLICATE_METHOD_MATCH = YES;
				COPY_PHASE_STRIP = NO;
				DEBUG_INFORMATION_FORMAT = "dwarf-with-dsym";
				ENABLE_NS_ASSERTIONS = NO;
				ENABLE_STRICT_OBJC_MSGSEND = YES;
				GCC_C_LANGUAGE_STANDARD = gnu11;
				GCC_NO_COMMON_BLOCKS = YES;
				GCC_WARN_64_TO_32_BIT_CONVERSION = YES;
				GCC_WARN_ABOUT_RETURN_TYPE = YES_ERROR;
				GCC_WARN_UNDECLARED_SELECTOR = YES;
				GCC_WARN_UNINITIALIZED_AUTOS = YES_AGGRESSIVE;
				GCC_WARN_UNUSED_FUNCTION = YES;
				GCC_WARN_UNUSED_VARIABLE = YES;
				IPHONEOS_DEPLOYMENT_TARGET = 14.1;
				MTL_ENABLE_DEBUG_INFO = NO;
				MTL_FAST_MATH = YES;
				SDKROOT = iphoneos;
				SWIFT_COMPILATION_MODE = wholemodule;
				SWIFT_OPTIMIZATION_LEVEL = "-O";
				VALIDATE_PRODUCT = YES;
			};
			name = Release;
		};
		834E7A802544701F000D6256 /* Debug */ = {
			isa = XCBuildConfiguration;
			baseConfigurationReference = 5F95F7CC64DF892978AC8B0F /* Pods-EnrollmentApp.debug.xcconfig */;
			buildSettings = {
				ASSETCATALOG_COMPILER_APPICON_NAME = AppIcon;
				ASSETCATALOG_COMPILER_GLOBAL_ACCENT_COLOR_NAME = AccentColor;
				CODE_SIGN_STYLE = Automatic;
				DEVELOPMENT_TEAM = 2AA7VP743Q;
				INFOPLIST_FILE = EnrollmentApp/Info.plist;
				LD_RUNPATH_SEARCH_PATHS = (
					"$(inherited)",
					"@executable_path/Frameworks",
				);
				PRODUCT_BUNDLE_IDENTIFIER = com.world.EnrollmentApp;
				PRODUCT_NAME = "$(TARGET_NAME)";
				SWIFT_VERSION = 5.0;
				TARGETED_DEVICE_FAMILY = "1,2";
			};
			name = Debug;
		};
		834E7A812544701F000D6256 /* Release */ = {
			isa = XCBuildConfiguration;
			baseConfigurationReference = 3258E76BA81C6D6D11D87921 /* Pods-EnrollmentApp.release.xcconfig */;
			buildSettings = {
				ASSETCATALOG_COMPILER_APPICON_NAME = AppIcon;
				ASSETCATALOG_COMPILER_GLOBAL_ACCENT_COLOR_NAME = AccentColor;
				CODE_SIGN_STYLE = Automatic;
				DEVELOPMENT_TEAM = 2AA7VP743Q;
				INFOPLIST_FILE = EnrollmentApp/Info.plist;
				LD_RUNPATH_SEARCH_PATHS = (
					"$(inherited)",
					"@executable_path/Frameworks",
				);
				PRODUCT_BUNDLE_IDENTIFIER = com.world.EnrollmentApp;
				PRODUCT_NAME = "$(TARGET_NAME)";
				SWIFT_VERSION = 5.0;
				TARGETED_DEVICE_FAMILY = "1,2";
			};
			name = Release;
		};
		834E7A832544701F000D6256 /* Debug */ = {
			isa = XCBuildConfiguration;
			baseConfigurationReference = 7F64D6852338D0100F4E863F /* Pods-EnrollmentAppTests.debug.xcconfig */;
			buildSettings = {
				ALWAYS_EMBED_SWIFT_STANDARD_LIBRARIES = YES;
				BUNDLE_LOADER = "$(TEST_HOST)";
				CODE_SIGN_STYLE = Automatic;
				DEVELOPMENT_TEAM = 2AA7VP743Q;
				INFOPLIST_FILE = EnrollmentAppTests/Info.plist;
				IPHONEOS_DEPLOYMENT_TARGET = 14.1;
				LD_RUNPATH_SEARCH_PATHS = (
					"$(inherited)",
					"@executable_path/Frameworks",
					"@loader_path/Frameworks",
				);
				PRODUCT_BUNDLE_IDENTIFIER = com.world.EnrollmentAppTests;
				PRODUCT_NAME = "$(TARGET_NAME)";
				SWIFT_VERSION = 5.0;
				TARGETED_DEVICE_FAMILY = "1,2";
				TEST_HOST = "$(BUILT_PRODUCTS_DIR)/EnrollmentApp.app/EnrollmentApp";
			};
			name = Debug;
		};
		834E7A842544701F000D6256 /* Release */ = {
			isa = XCBuildConfiguration;
			baseConfigurationReference = FC1B7A13792063105C8BA489 /* Pods-EnrollmentAppTests.release.xcconfig */;
			buildSettings = {
				ALWAYS_EMBED_SWIFT_STANDARD_LIBRARIES = YES;
				BUNDLE_LOADER = "$(TEST_HOST)";
				CODE_SIGN_STYLE = Automatic;
				DEVELOPMENT_TEAM = 2AA7VP743Q;
				INFOPLIST_FILE = EnrollmentAppTests/Info.plist;
				IPHONEOS_DEPLOYMENT_TARGET = 14.1;
				LD_RUNPATH_SEARCH_PATHS = (
					"$(inherited)",
					"@executable_path/Frameworks",
					"@loader_path/Frameworks",
				);
				PRODUCT_BUNDLE_IDENTIFIER = com.world.EnrollmentAppTests;
				PRODUCT_NAME = "$(TARGET_NAME)";
				SWIFT_VERSION = 5.0;
				TARGETED_DEVICE_FAMILY = "1,2";
				TEST_HOST = "$(BUILT_PRODUCTS_DIR)/EnrollmentApp.app/EnrollmentApp";
			};
			name = Release;
		};
		834E7A862544701F000D6256 /* Debug */ = {
			isa = XCBuildConfiguration;
			baseConfigurationReference = BF904D873D4AF56A0FEA82ED /* Pods-EnrollmentApp-EnrollmentAppUITests.debug.xcconfig */;
			buildSettings = {
				ALWAYS_EMBED_SWIFT_STANDARD_LIBRARIES = YES;
				CODE_SIGN_STYLE = Automatic;
				DEVELOPMENT_TEAM = 2AA7VP743Q;
				INFOPLIST_FILE = EnrollmentAppUITests/Info.plist;
				LD_RUNPATH_SEARCH_PATHS = (
					"$(inherited)",
					"@executable_path/Frameworks",
					"@loader_path/Frameworks",
				);
				PRODUCT_BUNDLE_IDENTIFIER = com.world.EnrollmentAppUITests;
				PRODUCT_NAME = "$(TARGET_NAME)";
				SWIFT_VERSION = 5.0;
				TARGETED_DEVICE_FAMILY = "1,2";
				TEST_TARGET_NAME = EnrollmentApp;
			};
			name = Debug;
		};
		834E7A872544701F000D6256 /* Release */ = {
			isa = XCBuildConfiguration;
			baseConfigurationReference = 4B7EFB337D13CEF8373C1F9C /* Pods-EnrollmentApp-EnrollmentAppUITests.release.xcconfig */;
			buildSettings = {
				ALWAYS_EMBED_SWIFT_STANDARD_LIBRARIES = YES;
				CODE_SIGN_STYLE = Automatic;
				DEVELOPMENT_TEAM = 2AA7VP743Q;
				INFOPLIST_FILE = EnrollmentAppUITests/Info.plist;
				LD_RUNPATH_SEARCH_PATHS = (
					"$(inherited)",
					"@executable_path/Frameworks",
					"@loader_path/Frameworks",
				);
				PRODUCT_BUNDLE_IDENTIFIER = com.world.EnrollmentAppUITests;
				PRODUCT_NAME = "$(TARGET_NAME)";
				SWIFT_VERSION = 5.0;
				TARGETED_DEVICE_FAMILY = "1,2";
				TEST_TARGET_NAME = EnrollmentApp;
			};
			name = Release;
		};
/* End XCBuildConfiguration section */

/* Begin XCConfigurationList section */
		834E7A5025447019000D6256 /* Build configuration list for PBXProject "EnrollmentApp" */ = {
			isa = XCConfigurationList;
			buildConfigurations = (
				834E7A7D2544701F000D6256 /* Debug */,
				834E7A7E2544701F000D6256 /* Release */,
			);
			defaultConfigurationIsVisible = 0;
			defaultConfigurationName = Release;
		};
		834E7A7F2544701F000D6256 /* Build configuration list for PBXNativeTarget "EnrollmentApp" */ = {
			isa = XCConfigurationList;
			buildConfigurations = (
				834E7A802544701F000D6256 /* Debug */,
				834E7A812544701F000D6256 /* Release */,
			);
			defaultConfigurationIsVisible = 0;
			defaultConfigurationName = Release;
		};
		834E7A822544701F000D6256 /* Build configuration list for PBXNativeTarget "EnrollmentAppTests" */ = {
			isa = XCConfigurationList;
			buildConfigurations = (
				834E7A832544701F000D6256 /* Debug */,
				834E7A842544701F000D6256 /* Release */,
			);
			defaultConfigurationIsVisible = 0;
			defaultConfigurationName = Release;
		};
		834E7A852544701F000D6256 /* Build configuration list for PBXNativeTarget "EnrollmentAppUITests" */ = {
			isa = XCConfigurationList;
			buildConfigurations = (
				834E7A862544701F000D6256 /* Debug */,
				834E7A872544701F000D6256 /* Release */,
			);
			defaultConfigurationIsVisible = 0;
			defaultConfigurationName = Release;
		};
/* End XCConfigurationList section */
	};
	rootObject = 834E7A4D25447019000D6256 /* Project object */;
}
